
Microsoft Visual Studio Solution File, Format Version 12.00
# Visual Studio Version 17
VisualStudioVersion = 17.13.35931.197
MinimumVisualStudioVersion = 10.0.40219.1
Project("{2150E333-8FDC-42A3-9474-1A3956D46DE8}") = "src", "src", "{02EA681E-C7D8-13C7-8484-4AC65E1B71E8}"
EndProject
Project("{FAE04EC0-301F-11D3-BF4B-00C04F79EFBC}") = "EventReservation.Domain", "src\EventReservation.Domain\EventReservation.Domain.csproj", "{4DEA4AEA-0B96-D9A2-46A6-6E7574579B7D}"
EndProject
Project("{FAE04EC0-301F-11D3-BF4B-00C04F79EFBC}") = "EventReservation.Application", "src\EventReservation.Application\EventReservation.Application.csproj", "{908DC64F-3F8E-ABA5-F6B9-967CA9B2A736}"
EndProject
Project("{FAE04EC0-301F-11D3-BF4B-00C04F79EFBC}") = "EventReservation.Infrastructure", "src\EventReservation.Infrastructure\EventReservation.Infrastructure.csproj", "{EC78376E-21F3-BC5D-BE6E-3966EF6770BB}"
EndProject
Project("{FAE04EC0-301F-11D3-BF4B-00C04F79EFBC}") = "EventReservation.API", "src\EventReservation.API\EventReservation.API.csproj", "{9E6815D6-7DF9-17ED-DD25-5009E3D82FC2}"
EndProject
Project("{2150E333-8FDC-42A3-9474-1A3956D46DE8}") = "Solution Items", "Solution Items", "{8EC462FD-D22E-90A8-E5CE-7E832BA40C5D}"
	ProjectSection(SolutionItems) = preProject
		docker-compose.yml = docker-compose.yml
	EndProjectSection
EndProject
Project("{2150E333-8FDC-42A3-9474-1A3956D46DE8}") = "tests", "tests", "{0AB3BF05-4346-4AA6-1389-037BE0695223}"
EndProject
Project("{FAE04EC0-301F-11D3-BF4B-00C04F79EFBC}") = "EventReservation.UnitTests", "tests\EventReservation.UnitTests\EventReservation.UnitTests.csproj", "{2A4E3113-BEF3-4D84-8ED8-3A6ECC5CE96A}"
EndProject
Project("{FAE04EC0-301F-11D3-BF4B-00C04F79EFBC}") = "EventReservation.IntegrationTests", "EventReservation.IntegrationTests\EventReservation.IntegrationTests.csproj", "{D495068E-7D89-4827-9357-919A39360A19}"
EndProject
Global
	GlobalSection(SolutionConfigurationPlatforms) = preSolution
		Debug|Any CPU = Debug|Any CPU
		Debug|x64 = Debug|x64
		Debug|x86 = Debug|x86
		Release|Any CPU = Release|Any CPU
		Release|x64 = Release|x64
		Release|x86 = Release|x86
	EndGlobalSection
	GlobalSection(ProjectConfigurationPlatforms) = postSolution
		{4DEA4AEA-0B96-D9A2-46A6-6E7574579B7D}.Debug|Any CPU.ActiveCfg = Debug|Any CPU
		{4DEA4AEA-0B96-D9A2-46A6-6E7574579B7D}.Debug|Any CPU.Build.0 = Debug|Any CPU
		{4DEA4AEA-0B96-D9A2-46A6-6E7574579B7D}.Debug|x64.ActiveCfg = Debug|Any CPU
		{4DEA4AEA-0B96-D9A2-46A6-6E7574579B7D}.Debug|x64.Build.0 = Debug|Any CPU
		{4DEA4AEA-0B96-D9A2-46A6-6E7574579B7D}.Debug|x86.ActiveCfg = Debug|Any CPU
		{4DEA4AEA-0B96-D9A2-46A6-6E7574579B7D}.Debug|x86.Build.0 = Debug|Any CPU
		{4DEA4AEA-0B96-D9A2-46A6-6E7574579B7D}.Release|Any CPU.ActiveCfg = Release|Any CPU
		{4DEA4AEA-0B96-D9A2-46A6-6E7574579B7D}.Release|Any CPU.Build.0 = Release|Any CPU
		{4DEA4AEA-0B96-D9A2-46A6-6E7574579B7D}.Release|x64.ActiveCfg = Release|Any CPU
		{4DEA4AEA-0B96-D9A2-46A6-6E7574579B7D}.Release|x64.Build.0 = Release|Any CPU
		{4DEA4AEA-0B96-D9A2-46A6-6E7574579B7D}.Release|x86.ActiveCfg = Release|Any CPU
		{4DEA4AEA-0B96-D9A2-46A6-6E7574579B7D}.Release|x86.Build.0 = Release|Any CPU
		{908DC64F-3F8E-ABA5-F6B9-967CA9B2A736}.Debug|Any CPU.ActiveCfg = Debug|Any CPU
		{908DC64F-3F8E-ABA5-F6B9-967CA9B2A736}.Debug|Any CPU.Build.0 = Debug|Any CPU
		{908DC64F-3F8E-ABA5-F6B9-967CA9B2A736}.Debug|x64.ActiveCfg = Debug|Any CPU
		{908DC64F-3F8E-ABA5-F6B9-967CA9B2A736}.Debug|x64.Build.0 = Debug|Any CPU
		{908DC64F-3F8E-ABA5-F6B9-967CA9B2A736}.Debug|x86.ActiveCfg = Debug|Any CPU
		{908DC64F-3F8E-ABA5-F6B9-967CA9B2A736}.Debug|x86.Build.0 = Debug|Any CPU
		{908DC64F-3F8E-ABA5-F6B9-967CA9B2A736}.Release|Any CPU.ActiveCfg = Release|Any CPU
		{908DC64F-3F8E-ABA5-F6B9-967CA9B2A736}.Release|Any CPU.Build.0 = Release|Any CPU
		{908DC64F-3F8E-ABA5-F6B9-967CA9B2A736}.Release|x64.ActiveCfg = Release|Any CPU
		{908DC64F-3F8E-ABA5-F6B9-967CA9B2A736}.Release|x64.Build.0 = Release|Any CPU
		{908DC64F-3F8E-ABA5-F6B9-967CA9B2A736}.Release|x86.ActiveCfg = Release|Any CPU
		{908DC64F-3F8E-ABA5-F6B9-967CA9B2A736}.Release|x86.Build.0 = Release|Any CPU
		{EC78376E-21F3-BC5D-BE6E-3966EF6770BB}.Debug|Any CPU.ActiveCfg = Debug|Any CPU
		{EC78376E-21F3-BC5D-BE6E-3966EF6770BB}.Debug|Any CPU.Build.0 = Debug|Any CPU
		{EC78376E-21F3-BC5D-BE6E-3966EF6770BB}.Debug|x64.ActiveCfg = Debug|Any CPU
		{EC78376E-21F3-BC5D-BE6E-3966EF6770BB}.Debug|x64.Build.0 = Debug|Any CPU
		{EC78376E-21F3-BC5D-BE6E-3966EF6770BB}.Debug|x86.ActiveCfg = Debug|Any CPU
		{EC78376E-21F3-BC5D-BE6E-3966EF6770BB}.Debug|x86.Build.0 = Debug|Any CPU
		{EC78376E-21F3-BC5D-BE6E-3966EF6770BB}.Release|Any CPU.ActiveCfg = Release|Any CPU
		{EC78376E-21F3-BC5D-BE6E-3966EF6770BB}.Release|Any CPU.Build.0 = Release|Any CPU
		{EC78376E-21F3-BC5D-BE6E-3966EF6770BB}.Release|x64.ActiveCfg = Release|Any CPU
		{EC78376E-21F3-BC5D-BE6E-3966EF6770BB}.Release|x64.Build.0 = Release|Any CPU
		{EC78376E-21F3-BC5D-BE6E-3966EF6770BB}.Release|x86.ActiveCfg = Release|Any CPU
		{EC78376E-21F3-BC5D-BE6E-3966EF6770BB}.Release|x86.Build.0 = Release|Any CPU
		{9E6815D6-7DF9-17ED-DD25-5009E3D82FC2}.Debug|Any CPU.ActiveCfg = Debug|Any CPU
		{9E6815D6-7DF9-17ED-DD25-5009E3D82FC2}.Debug|Any CPU.Build.0 = Debug|Any CPU
		{9E6815D6-7DF9-17ED-DD25-5009E3D82FC2}.Debug|x64.ActiveCfg = Debug|Any CPU
		{9E6815D6-7DF9-17ED-DD25-5009E3D82FC2}.Debug|x64.Build.0 = Debug|Any CPU
		{9E6815D6-7DF9-17ED-DD25-5009E3D82FC2}.Debug|x86.ActiveCfg = Debug|Any CPU
		{9E6815D6-7DF9-17ED-DD25-5009E3D82FC2}.Debug|x86.Build.0 = Debug|Any CPU
		{9E6815D6-7DF9-17ED-DD25-5009E3D82FC2}.Release|Any CPU.ActiveCfg = Release|Any CPU
		{9E6815D6-7DF9-17ED-DD25-5009E3D82FC2}.Release|Any CPU.Build.0 = Release|Any CPU
		{9E6815D6-7DF9-17ED-DD25-5009E3D82FC2}.Release|x64.ActiveCfg = Release|Any CPU
		{9E6815D6-7DF9-17ED-DD25-5009E3D82FC2}.Release|x64.Build.0 = Release|Any CPU
		{9E6815D6-7DF9-17ED-DD25-5009E3D82FC2}.Release|x86.ActiveCfg = Release|Any CPU
		{9E6815D6-7DF9-17ED-DD25-5009E3D82FC2}.Release|x86.Build.0 = Release|Any CPU
		{2A4E3113-BEF3-4D84-8ED8-3A6ECC5CE96A}.Debug|Any CPU.ActiveCfg = Debug|Any CPU
		{2A4E3113-BEF3-4D84-8ED8-3A6ECC5CE96A}.Debug|Any CPU.Build.0 = Debug|Any CPU
		{2A4E3113-BEF3-4D84-8ED8-3A6ECC5CE96A}.Debug|x64.ActiveCfg = Debug|Any CPU
		{2A4E3113-BEF3-4D84-8ED8-3A6ECC5CE96A}.Debug|x64.Build.0 = Debug|Any CPU
		{2A4E3113-BEF3-4D84-8ED8-3A6ECC5CE96A}.Debug|x86.ActiveCfg = Debug|Any CPU
		{2A4E3113-BEF3-4D84-8ED8-3A6ECC5CE96A}.Debug|x86.Build.0 = Debug|Any CPU
		{2A4E3113-BEF3-4D84-8ED8-3A6ECC5CE96A}.Release|Any CPU.ActiveCfg = Release|Any CPU
		{2A4E3113-BEF3-4D84-8ED8-3A6ECC5CE96A}.Release|Any CPU.Build.0 = Release|Any CPU
		{2A4E3113-BEF3-4D84-8ED8-3A6ECC5CE96A}.Release|x64.ActiveCfg = Release|Any CPU
		{2A4E3113-BEF3-4D84-8ED8-3A6ECC5CE96A}.Release|x64.Build.0 = Release|Any CPU
		{2A4E3113-BEF3-4D84-8ED8-3A6ECC5CE96A}.Release|x86.ActiveCfg = Release|Any CPU
		{2A4E3113-BEF3-4D84-8ED8-3A6ECC5CE96A}.Release|x86.Build.0 = Release|Any CPU
		{D495068E-7D89-4827-9357-919A39360A19}.Debug|Any CPU.ActiveCfg = Debug|Any CPU
		{D495068E-7D89-4827-9357-919A39360A19}.Debug|Any CPU.Build.0 = Debug|Any CPU
		{D495068E-7D89-4827-9357-919A39360A19}.Debug|x64.ActiveCfg = Debug|Any CPU
		{D495068E-7D89-4827-9357-919A39360A19}.Debug|x64.Build.0 = Debug|Any CPU
		{D495068E-7D89-4827-9357-919A39360A19}.Debug|x86.ActiveCfg = Debug|Any CPU
		{D495068E-7D89-4827-9357-919A39360A19}.Debug|x86.Build.0 = Debug|Any CPU
		{D495068E-7D89-4827-9357-919A39360A19}.Release|Any CPU.ActiveCfg = Release|Any CPU
		{D495068E-7D89-4827-9357-919A39360A19}.Release|Any CPU.Build.0 = Release|Any CPU
		{D495068E-7D89-4827-9357-919A39360A19}.Release|x64.ActiveCfg = Release|Any CPU
		{D495068E-7D89-4827-9357-919A39360A19}.Release|x64.Build.0 = Release|Any CPU
		{D495068E-7D89-4827-9357-919A39360A19}.Release|x86.ActiveCfg = Release|Any CPU
		{D495068E-7D89-4827-9357-919A39360A19}.Release|x86.Build.0 = Release|Any CPU
	EndGlobalSection
	GlobalSection(SolutionProperties) = preSolution
		HideSolutionNode = FALSE
	EndGlobalSection
	GlobalSection(NestedProjects) = preSolution
		{4DEA4AEA-0B96-D9A2-46A6-6E7574579B7D} = {02EA681E-C7D8-13C7-8484-4AC65E1B71E8}
		{908DC64F-3F8E-ABA5-F6B9-967CA9B2A736} = {02EA681E-C7D8-13C7-8484-4AC65E1B71E8}
		{EC78376E-21F3-BC5D-BE6E-3966EF6770BB} = {02EA681E-C7D8-13C7-8484-4AC65E1B71E8}
		{9E6815D6-7DF9-17ED-DD25-5009E3D82FC2} = {02EA681E-C7D8-13C7-8484-4AC65E1B71E8}
		{2A4E3113-BEF3-4D84-8ED8-3A6ECC5CE96A} = {0AB3BF05-4346-4AA6-1389-037BE0695223}
		{D495068E-7D89-4827-9357-919A39360A19} = {0AB3BF05-4346-4AA6-1389-037BE0695223}
	EndGlobalSection
	GlobalSection(ExtensibilityGlobals) = postSolution
		SolutionGuid = {EDF5CB32-2D62-4BE2-B38F-F2DE4FC07C9D}
	EndGlobalSection
EndGlobal
